
Microsoft Visual Studio Solution File, Format Version 12.00
# Visual Studio Version 17
VisualStudioVersion = 17.8.34330.188
MinimumVisualStudioVersion = 10.0.40219.1
Project("{FAE04EC0-301F-11D3-BF4B-00C04F79EFBC}") = "Lab3PNET", "Lab3PNET\Lab3PNET.csproj", "{22505F5D-04E9-4787-9237-F97EFBAD647E}"
EndProject
Global
	GlobalSection(SolutionConfigurationPlatforms) = preSolution
		Debug|Any CPU = Debug|Any CPU
		Release|Any CPU = Release|Any CPU
	EndGlobalSection
	GlobalSection(ProjectConfigurationPlatforms) = postSolution
		{22505F5D-04E9-4787-9237-F97EFBAD647E}.Debug|Any CPU.ActiveCfg = Debug|Any CPU
		{22505F5D-04E9-4787-9237-F97EFBAD647E}.Debug|Any CPU.Build.0 = Debug|Any CPU
		{22505F5D-04E9-4787-9237-F97EFBAD647E}.Release|Any CPU.ActiveCfg = Release|Any CPU
		{22505F5D-04E9-4787-9237-F97EFBAD647E}.Release|Any CPU.Build.0 = Release|Any CPU
	EndGlobalSection
	GlobalSection(SolutionProperties) = preSolution
		HideSolutionNode = FALSE
	EndGlobalSection
	GlobalSection(ExtensibilityGlobals) = postSolution
		SolutionGuid = {D2ACBA9F-2A93-4430-BF5E-401CC028A825}
	EndGlobalSection
EndGlobal
